
Microsoft Visual Studio Solution File, Format Version 12.00
# Visual Studio Version 16
VisualStudioVersion = 16.0.31321.278
MinimumVisualStudioVersion = 10.0.40219.1
Project("{FAE04EC0-301F-11D3-BF4B-00C04F79EFBC}") = "DBConnector", "DBConnector\DBConnector.csproj", "{14CFE9E2-0149-433C-84C2-7AF1C78747AD}"
EndProject
Global
	GlobalSection(SolutionConfigurationPlatforms) = preSolution
		Debug|Any CPU = Debug|Any CPU
		Release|Any CPU = Release|Any CPU
	EndGlobalSection
	GlobalSection(ProjectConfigurationPlatforms) = postSolution
		{14CFE9E2-0149-433C-84C2-7AF1C78747AD}.Debug|Any CPU.ActiveCfg = Debug|Any CPU
		{14CFE9E2-0149-433C-84C2-7AF1C78747AD}.Debug|Any CPU.Build.0 = Debug|Any CPU
		{14CFE9E2-0149-433C-84C2-7AF1C78747AD}.Release|Any CPU.ActiveCfg = Release|Any CPU
		{14CFE9E2-0149-433C-84C2-7AF1C78747AD}.Release|Any CPU.Build.0 = Release|Any CPU
	EndGlobalSection
	GlobalSection(SolutionProperties) = preSolution
		HideSolutionNode = FALSE
	EndGlobalSection
	GlobalSection(ExtensibilityGlobals) = postSolution
		SolutionGuid = {0074F1BA-1B45-4480-A218-DB6CC9EB8E5E}
	EndGlobalSection
EndGlobal
